
Microsoft Visual Studio Solution File, Format Version 12.00
# Visual Studio Version 16
VisualStudioVersion = 16.0.30804.86
MinimumVisualStudioVersion = 10.0.40219.1
Project("{888888A0-9F3D-457C-B088-3A5042F75D52}") = "Test", "Test\Test.pyproj", "{0E0EA90C-D25F-4C10-8351-7F13F242F953}"
EndProject
Global
	GlobalSection(SolutionConfigurationPlatforms) = preSolution
		Debug|Any CPU = Debug|Any CPU
		Release|Any CPU = Release|Any CPU
	EndGlobalSection
	GlobalSection(ProjectConfigurationPlatforms) = postSolution
		{0E0EA90C-D25F-4C10-8351-7F13F242F953}.Debug|Any CPU.ActiveCfg = Debug|Any CPU
		{0E0EA90C-D25F-4C10-8351-7F13F242F953}.Release|Any CPU.ActiveCfg = Release|Any CPU
	EndGlobalSection
	GlobalSection(SolutionProperties) = preSolution
		HideSolutionNode = FALSE
	EndGlobalSection
	GlobalSection(ExtensibilityGlobals) = postSolution
		SolutionGuid = {F1EC9351-2D37-46A5-BBFF-F6D9BF44B1FF}
	EndGlobalSection
EndGlobal
