<?xml version="1.0" encoding="utf-8"?>
<Project ToolsVersion="4.0" xmlns="http://schemas.microsoft.com/developer/msbuild/2003">
  <ItemGroup>
    <FxCompile Include="Assets\ImageToTensor.hlsl">
      <Filter>Assets</Filter>
    </FxCompile>
    <FxCompile Include="Assets\TensorToImagePS.hlsl">
      <Filter>Assets</Filter>
    </FxCompile>
    <FxCompile Include="Assets\TensorToImageVS.hlsl">
      <Filter>Assets</Filter>
    </FxCompile>
    <FxCompile Include="Assets\VertexShader.hlsl">
      <Filter>Assets</Filter>
    </FxCompile>
    <FxCompile Include="Assets\PixelShader.hlsl">
      <Filter>Assets</Filter>
    </FxCompile>
  </ItemGroup>
  <ItemGroup>
    <ClCompile Include="DeviceResources.cpp">
      <Filter>Common</Filter>
    </ClCompile>
    <ClCompile Include="LoadWeights.cpp">
      <Filter>Source Files</Filter>
    </ClCompile>
    <ClCompile Include="Main.cpp">
      <Filter>Source Files</Filter>
    </ClCompile>
    <ClCompile Include="DirectMLSuperResolution.cpp">
      <Filter>Source Files</Filter>
    </ClCompile>
    <ClCompile Include="DirectMLXResourceBuilder.cpp">
      <Filter>Source Files</Filter>
    </ClCompile>
    <ClCompile Include="pch.cpp">
      <Filter>Source Files</Filter>
    </ClCompile>
    <ClCompile Include="MediaEnginePlayer.cpp">
      <Filter>Source Files</Filter>
    </ClCompile>
  </ItemGroup>
  <ItemGroup>
    <ClInclude Include="Kits\ATGTK\ATGColors.h">
      <Filter>ATG Tool Kit</Filter>
    </ClInclude>
    <ClInclude Include="Kits\ATGTK\ControllerFont.h">
      <Filter>ATG Tool Kit</Filter>
    </ClInclude>
    <ClInclude Include="Kits\ATGTK\d3dx12.h">
      <Filter>ATG Tool Kit</Filter>
    </ClInclude>
    <ClInclude Include="Kits\ATGTK\FindMedia.h">
      <Filter>ATG Tool Kit</Filter>
    </ClInclude>
    <ClInclude Include="Kits\ATGTK\ReadData.h">
      <Filter>ATG Tool Kit</Filter>
    </ClInclude>
    <ClInclude Include="DeviceResources.h">
      <Filter>Common</Filter>
    </ClInclude>
    <ClInclude Include="StepTimer.h">
      <Filter>Common</Filter>
    </ClInclude>
    <ClInclude Include="LoadWeights.h">
      <Filter>Header Files</Filter>
    </ClInclude>
    <ClInclude Include="pch.h">
      <Filter>Header Files</Filter>
    </ClInclude>
    <ClInclude Include="MediaEnginePlayer.h">
      <Filter>Header Files</Filter>
    </ClInclude>
    <ClInclude Include="Float16Compressor.h">
      <Filter>Header Files</Filter>
    </ClInclude>
    <ClInclude Include="DirectMLSuperResolution.h">
      <Filter>Header Files</Filter>
    </ClInclude>
  </ItemGroup>
  <ItemGroup>
    <Image Include="Assets\atg.ico">
      <Filter>Assets</Filter>
    </Image>
  </ItemGroup>
  <ItemGroup>
    <None Include="packages.config" />
    <None Include="Readme.docx" />
    <None Include="Media\Fonts\SegoeUI_18.spritefont">
      <Filter>Assets</Filter>
    </None>
    <None Include="Media\Fonts\SegoeUI_30.spritefont">
      <Filter>Assets</Filter>
    </None>
    <None Include="Media\Fonts\SegoeUI_30_Bold.spritefont">
      <Filter>Assets</Filter>
    </None>
    <None Include="Assets\TensorToImage.hlsli">
      <Filter>Assets</Filter>
    </None>
    <None Include="Media\Fonts\XboxOneControllerLegendSmall.spritefont">
      <Filter>Assets</Filter>
    </None>
    <None Include="Readme.md" />
  </ItemGroup>
  <ItemGroup>
    <Filter Include="ATG Tool Kit">
      <UniqueIdentifier>{3b2c32b1-4474-4e48-82fa-50f6b0acedb0}</UniqueIdentifier>
    </Filter>
    <Filter Include="Common">
      <UniqueIdentifier>{86d65a1f-badc-4510-92aa-b53bcfb03edd}</UniqueIdentifier>
    </Filter>
    <Filter Include="Header Files">
      <UniqueIdentifier>{dda12f50-17c8-422e-85f4-64aa5b3ce236}</UniqueIdentifier>
    </Filter>
    <Filter Include="Assets">
      <UniqueIdentifier>{a2f45ef7-c227-4f78-9306-2fa395346cf6}</UniqueIdentifier>
    </Filter>
    <Filter Include="Source Files">
      <UniqueIdentifier>{f64fac7c-1f30-4d70-bb03-4fe8703c5f6b}</UniqueIdentifier>
    </Filter>
    <Filter Include="Resource Files">
      <UniqueIdentifier>{51076cc4-11af-4c8a-9ddd-7e967c6d73ff}</UniqueIdentifier>
    </Filter>
  </ItemGroup>
  <ItemGroup>
    <ResourceCompile Include="resource.rc">
      <Filter>Resource Files</Filter>
    </ResourceCompile>
  </ItemGroup>
  <ItemGroup>
    <Manifest Include="settings.manifest">
      <Filter>Assets</Filter>
    </Manifest>
  </ItemGroup>
  <ItemGroup>
    <CopyFileToFolders Include="Assets\FH3_1_540p.png" />
    <CopyFileToFolders Include="Assets\FH3_2_540p.png" />
    <CopyFileToFolders Include="Assets\weights.bin" />
    <CopyFileToFolders Include="Media\Videos\Turn10\FH3_540p60.mp4" />
  </ItemGroup>
</Project>