
Microsoft Visual Studio Solution File, Format Version 12.00
# Visual Studio 15
VisualStudioVersion = 15.0.28307.1082
MinimumVisualStudioVersion = 10.0.40219.1
Project("{8BC9CEB8-8B4A-11D0-8D11-00A0C91BC942}") = "DirectMLSuperResolution", "DirectMLSuperResolution.vcxproj", "{70CDBD87-F286-4EE0-87F1-5A1D09396CDA}"
	ProjectSection(ProjectDependencies) = postProject
		{3E0E8608-CD9B-4C76-AF33-29CA38F2C9F0} = {3E0E8608-CD9B-4C76-AF33-29CA38F2C9F0}
	EndProjectSection
EndProject
Project("{8BC9CEB8-8B4A-11D0-8D11-00A0C91BC942}") = "DirectXTK12", "Kits\DirectXTK12\DirectXTK_Desktop_2017_Win10.vcxproj", "{3E0E8608-CD9B-4C76-AF33-29CA38F2C9F0}"
EndProject
Project("{8BC9CEB8-8B4A-11D0-8D11-00A0C91BC942}") = "DirectMLXSuperResolution", "DirectMLXSuperResolution.vcxproj", "{31C25314-96AE-4EF0-84B7-0026C14F12AD}"
EndProject
Global
	GlobalSection(SolutionConfigurationPlatforms) = preSolution
		Debug|x64 = Debug|x64
		Debug|x86 = Debug|x86
		Release|x64 = Release|x64
		Release|x86 = Release|x86
	EndGlobalSection
	GlobalSection(ProjectConfigurationPlatforms) = postSolution
		{70CDBD87-F286-4EE0-87F1-5A1D09396CDA}.Debug|x64.ActiveCfg = Debug|x64
		{70CDBD87-F286-4EE0-87F1-5A1D09396CDA}.Debug|x64.Build.0 = Debug|x64
		{70CDBD87-F286-4EE0-87F1-5A1D09396CDA}.Debug|x86.ActiveCfg = Debug|Win32
		{70CDBD87-F286-4EE0-87F1-5A1D09396CDA}.Debug|x86.Build.0 = Debug|Win32
		{70CDBD87-F286-4EE0-87F1-5A1D09396CDA}.Release|x64.ActiveCfg = Release|x64
		{70CDBD87-F286-4EE0-87F1-5A1D09396CDA}.Release|x64.Build.0 = Release|x64
		{70CDBD87-F286-4EE0-87F1-5A1D09396CDA}.Release|x86.ActiveCfg = Release|Win32
		{70CDBD87-F286-4EE0-87F1-5A1D09396CDA}.Release|x86.Build.0 = Release|Win32
		{3E0E8608-CD9B-4C76-AF33-29CA38F2C9F0}.Debug|x64.ActiveCfg = Debug|x64
		{3E0E8608-CD9B-4C76-AF33-29CA38F2C9F0}.Debug|x64.Build.0 = Debug|x64
		{3E0E8608-CD9B-4C76-AF33-29CA38F2C9F0}.Debug|x86.ActiveCfg = Debug|Win32
		{3E0E8608-CD9B-4C76-AF33-29CA38F2C9F0}.Debug|x86.Build.0 = Debug|Win32
		{3E0E8608-CD9B-4C76-AF33-29CA38F2C9F0}.Release|x64.ActiveCfg = Release|x64
		{3E0E8608-CD9B-4C76-AF33-29CA38F2C9F0}.Release|x64.Build.0 = Release|x64
		{3E0E8608-CD9B-4C76-AF33-29CA38F2C9F0}.Release|x86.ActiveCfg = Release|Win32
		{3E0E8608-CD9B-4C76-AF33-29CA38F2C9F0}.Release|x86.Build.0 = Release|Win32
		{31C25314-96AE-4EF0-84B7-0026C14F12AD}.Debug|x64.ActiveCfg = Debug|x64
		{31C25314-96AE-4EF0-84B7-0026C14F12AD}.Debug|x64.Build.0 = Debug|x64
		{31C25314-96AE-4EF0-84B7-0026C14F12AD}.Debug|x86.ActiveCfg = Debug|Win32
		{31C25314-96AE-4EF0-84B7-0026C14F12AD}.Debug|x86.Build.0 = Debug|Win32
		{31C25314-96AE-4EF0-84B7-0026C14F12AD}.Release|x64.ActiveCfg = Release|x64
		{31C25314-96AE-4EF0-84B7-0026C14F12AD}.Release|x64.Build.0 = Release|x64
		{31C25314-96AE-4EF0-84B7-0026C14F12AD}.Release|x86.ActiveCfg = Release|Win32
		{31C25314-96AE-4EF0-84B7-0026C14F12AD}.Release|x86.Build.0 = Release|Win32
	EndGlobalSection
	GlobalSection(SolutionProperties) = preSolution
		HideSolutionNode = FALSE
	EndGlobalSection
	GlobalSection(ExtensibilityGlobals) = postSolution
		SolutionGuid = {AC289E7D-5C5A-447D-B8C4-32C2BCBC0D7F}
	EndGlobalSection
EndGlobal
