<?xml version="1.0" encoding="utf-8"?>
<Project ToolsVersion="4.0" xmlns="http://schemas.microsoft.com/developer/msbuild/2003">
  <ItemGroup>
    <Filter Include="Common">
      <UniqueIdentifier>e257a344-52b3-4f23-8d7b-b7aff8f9c05c</UniqueIdentifier>
    </Filter>
    <Filter Include="Assets">
      <UniqueIdentifier>00421eeb-1d91-4fc7-9a9a-0b1517aab872</UniqueIdentifier>
      <Extensions>ico;cur;bmp;dds;dlg;fbx;rct;bin;rgs;gif;jpg;jpeg;jpe;resx;tga;tiff;tif;png;wav;mfcribbon-ms</Extensions>
    </Filter>
    <Filter Include="ATG Tool Kit">
      <UniqueIdentifier>b4dd44fd-b4f9-4006-94d8-6595317303fa</UniqueIdentifier>
    </Filter>
  </ItemGroup>
  <ItemGroup>
    <ClInclude Include="pch.h" />
    <ClInclude Include="DirectMLSuperResolution.h" />
    <ClInclude Include="StepTimer.h">
      <Filter>Common</Filter>
    </ClInclude>
    <ClInclude Include="DeviceResources.h">
      <Filter>Common</Filter>
    </ClInclude>
    <ClInclude Include="..\..\..\Kits\ATGTK\d3dx12.h">
      <Filter>ATG Tool Kit</Filter>
    </ClInclude>
    <ClInclude Include="..\..\..\Kits\ATGTK\ATGColors.h">
      <Filter>ATG Tool Kit</Filter>
    </ClInclude>
    <ClInclude Include="..\..\..\Kits\ATGTK\FindMedia.h">
      <Filter>ATG Tool Kit</Filter>
    </ClInclude>
    <ClInclude Include="..\..\..\Kits\ATGTK\ReadData.h">
      <Filter>ATG Tool Kit</Filter>
    </ClInclude>
    <ClInclude Include="LoadWeights.h" />
    <ClInclude Include="Float16Compressor.h" />
    <ClInclude Include="MediaEnginePlayer.h" />
    <ClInclude Include="..\..\..\Kits\ATGTK\ControllerFont.h">
      <Filter>ATG Tool Kit</Filter>
    </ClInclude>
  </ItemGroup>
  <ItemGroup>
    <ClCompile Include="pch.cpp" />
    <ClCompile Include="DirectMLSuperResolution.cpp" />
    <ClCompile Include="Main.cpp" />
    <ClCompile Include="DeviceResources.cpp">
      <Filter>Common</Filter>
    </ClCompile>
    <ClCompile Include="LoadWeights.cpp" />
    <ClCompile Include="MediaEnginePlayer.cpp" />
  </ItemGroup>
  <ItemGroup>
    <ResourceCompile Include="resource.rc" />
  </ItemGroup>
  <ItemGroup>
    <Image Include="atg.ico">
      <Filter>Assets</Filter>
    </Image>
    <Image Include="Assets\FH3_2_540p.png">
      <Filter>Assets</Filter>
    </Image>
    <Image Include="Assets\FH3_1_540p.png">
      <Filter>Assets</Filter>
    </Image>
  </ItemGroup>
  <ItemGroup>
    <Manifest Include="settings.manifest">
      <Filter>Assets</Filter>
    </Manifest>
  </ItemGroup>
  <ItemGroup>
    <None Include="Assets\weights.bin">
      <Filter>Assets</Filter>
    </None>
    <None Include="TensorToImage.hlsli">
      <Filter>Assets</Filter>
    </None>
    <None Include="packages.config" />
    <None Include="Readme.docx" />
    <None Include="..\..\..\Media\Fonts\XboxOneControllerLegendSmall.spritefont">
      <Filter>Assets</Filter>
    </None>
    <None Include="..\..\..\Media\Fonts\SegoeUI_18.spritefont">
      <Filter>Assets</Filter>
    </None>
    <None Include="..\..\..\Media\Fonts\SegoeUI_30.spritefont">
      <Filter>Assets</Filter>
    </None>
    <None Include="..\..\..\Media\Fonts\SegoeUI_30_Bold.spritefont">
      <Filter>Assets</Filter>
    </None>
    <None Include="..\..\..\Media\Videos\Turn10\FH3_540p60.mp4">
      <Filter>Assets</Filter>
    </None>
  </ItemGroup>
  <ItemGroup>
    <FxCompile Include="PixelShader.hlsl">
      <Filter>Assets</Filter>
    </FxCompile>
    <FxCompile Include="VertexShader.hlsl">
      <Filter>Assets</Filter>
    </FxCompile>
    <FxCompile Include="ImageToTensor.hlsl">
      <Filter>Assets</Filter>
    </FxCompile>
    <FxCompile Include="TensorToImagePS.hlsl">
      <Filter>Assets</Filter>
    </FxCompile>
    <FxCompile Include="TensorToImageVS.hlsl">
      <Filter>Assets</Filter>
    </FxCompile>
  </ItemGroup>
  <ItemGroup>
    <Text Include="LICENSE.TXT" />
  </ItemGroup>
</Project>